{
  "name": "ngx-http-get-shell",
  "version": "0.0.1",
  "lockfileVersion": 2,
  "requires": true,
  "packages": {
    "": {
      "name": "ngx-http-get-shell",
      "version": "0.0.1",
      "license": "MIT",
      "dependencies": {
        "idb": "^7.0.2",
        "tslib": "^2.3.0"
      },
      "peerDependencies": {
        "@angular/common": "^14.0.0",
        "@angular/core": "^14.0.0"
      }
    },
    "node_modules/@angular/common": {
      "version": "14.0.3",
      "resolved": "https://registry.npmjs.org/@angular/common/-/common-14.0.3.tgz",
      "integrity": "sha512-JOM6gILQ3+9fOq4r2umdEP2T2t45k7+V19AqNYgV4HVAR392wCc+rYbdq9eqszMUNfUUBxA/ZfDcGYUu/C/gdA==",
      "peer": true,
      "dependencies": {
        "tslib": "^2.3.0"
      },
      "engines": {
        "node": "^14.15.0 || >=16.10.0"
      },
      "peerDependencies": {
        "@angular/core": "14.0.3",
        "rxjs": "^6.5.3 || ^7.4.0"
      }
    },
    "node_modules/@angular/core": {
      "version": "14.0.3",
      "resolved": "https://registry.npmjs.org/@angular/core/-/core-14.0.3.tgz",
      "integrity": "sha512-Z71BrEIJuMGm/BdK9Lh8IJwADQqA8qPeUVppCs67CABZdwA3sK0kC+iobauWXcweXU30BdQYc7HyZe2x7rcdmQ==",
      "peer": true,
      "dependencies": {
        "tslib": "^2.3.0"
      },
      "engines": {
        "node": "^14.15.0 || >=16.10.0"
      },
      "peerDependencies": {
        "rxjs": "^6.5.3 || ^7.4.0",
        "zone.js": "~0.11.4"
      }
    },
    "node_modules/idb": {
      "version": "7.0.2",
      "resolved": "https://registry.npmjs.org/idb/-/idb-7.0.2.tgz",
      "integrity": "sha512-jjKrT1EnyZewQ/gCBb/eyiYrhGzws2FeY92Yx8qT9S9GeQAmo4JFVIiWRIfKW/6Ob9A+UDAOW9j9jn58fy2HIg=="
    },
    "node_modules/rxjs": {
      "version": "7.5.5",
      "resolved": "https://registry.npmjs.org/rxjs/-/rxjs-7.5.5.tgz",
      "integrity": "sha512-sy+H0pQofO95VDmFLzyaw9xNJU4KTRSwQIGM6+iG3SypAtCiLDzpeG8sJrNCWn2Up9km+KhkvTdbkrdy+yzZdw==",
      "peer": true,
      "dependencies": {
        "tslib": "^2.1.0"
      }
    },
    "node_modules/tslib": {
      "version": "2.4.0",
      "resolved": "https://registry.npmjs.org/tslib/-/tslib-2.4.0.tgz",
      "integrity": "sha512-d6xOpEDfsi2CZVlPQzGeux8XMwLT9hssAsaPYExaQMuYskwb+x1x7J371tWlbBdWHroy99KnVB6qIkUbs5X3UQ=="
    },
    "node_modules/zone.js": {
      "version": "0.11.6",
      "resolved": "https://registry.npmjs.org/zone.js/-/zone.js-0.11.6.tgz",
      "integrity": "sha512-umJqFtKyZlPli669gB1gOrRE9hxUUGkZr7mo878z+NEBJZZixJkKeVYfnoLa7g25SseUDc92OZrMKKHySyJrFg==",
      "peer": true,
      "dependencies": {
        "tslib": "^2.3.0"
      }
    }
  },
  "dependencies": {
    "@angular/common": {
      "version": "14.0.3",
      "resolved": "https://registry.npmjs.org/@angular/common/-/common-14.0.3.tgz",
      "integrity": "sha512-JOM6gILQ3+9fOq4r2umdEP2T2t45k7+V19AqNYgV4HVAR392wCc+rYbdq9eqszMUNfUUBxA/ZfDcGYUu/C/gdA==",
      "peer": true,
      "requires": {
        "tslib": "^2.3.0"
      }
    },
    "@angular/core": {
      "version": "14.0.3",
      "resolved": "https://registry.npmjs.org/@angular/core/-/core-14.0.3.tgz",
      "integrity": "sha512-Z71BrEIJuMGm/BdK9Lh8IJwADQqA8qPeUVppCs67CABZdwA3sK0kC+iobauWXcweXU30BdQYc7HyZe2x7rcdmQ==",
      "peer": true,
      "requires": {
        "tslib": "^2.3.0"
      }
    },
    "idb": {
      "version": "7.0.2",
      "resolved": "https://registry.npmjs.org/idb/-/idb-7.0.2.tgz",
      "integrity": "sha512-jjKrT1EnyZewQ/gCBb/eyiYrhGzws2FeY92Yx8qT9S9GeQAmo4JFVIiWRIfKW/6Ob9A+UDAOW9j9jn58fy2HIg=="
    },
    "rxjs": {
      "version": "7.5.5",
      "resolved": "https://registry.npmjs.org/rxjs/-/rxjs-7.5.5.tgz",
      "integrity": "sha512-sy+H0pQofO95VDmFLzyaw9xNJU4KTRSwQIGM6+iG3SypAtCiLDzpeG8sJrNCWn2Up9km+KhkvTdbkrdy+yzZdw==",
      "peer": true,
      "requires": {
        "tslib": "^2.1.0"
      }
    },
    "tslib": {
      "version": "2.4.0",
      "resolved": "https://registry.npmjs.org/tslib/-/tslib-2.4.0.tgz",
      "integrity": "sha512-d6xOpEDfsi2CZVlPQzGeux8XMwLT9hssAsaPYExaQMuYskwb+x1x7J371tWlbBdWHroy99KnVB6qIkUbs5X3UQ=="
    },
    "zone.js": {
      "version": "0.11.6",
      "resolved": "https://registry.npmjs.org/zone.js/-/zone.js-0.11.6.tgz",
      "integrity": "sha512-umJqFtKyZlPli669gB1gOrRE9hxUUGkZr7mo878z+NEBJZZixJkKeVYfnoLa7g25SseUDc92OZrMKKHySyJrFg==",
      "peer": true,
      "requires": {
        "tslib": "^2.3.0"
      }
    }
  }
}
